# THIS IS AN AUTOGENERATED FILE. DO NOT EDIT THIS FILE DIRECTLY.
# yarn lockfile v1


amdefine@>=0.0.4:
  version "1.0.1"
  resolved "https://registry.yarnpkg.com/amdefine/-/amdefine-1.0.1.tgz#4a5282ac164729e93619bcfd3ad151f817ce91f5"
  integrity sha1-SlKCrBZHKek2Gbz9OtFR+BfOkfU=

detective@3.1.0:
  version "3.1.0"
  resolved "https://registry.yarnpkg.com/detective/-/detective-3.1.0.tgz#77782444ab752b88ca1be2e9d0a0395f1da25eed"
  integrity sha1-d3gkRKt1K4jKG+Lp0KA5Xx2iXu0=
  dependencies:
    escodegen "~1.1.0"
    esprima-fb "3001.1.0-dev-harmony-fb"

escodegen@~1.1.0:
  version "1.1.0"
  resolved "https://registry.yarnpkg.com/escodegen/-/escodegen-1.1.0.tgz#c663923f6e20aad48d0c0fa49f31c6d4f49360cf"
  integrity sha1-xmOSP24gqtSNDA+knzHG1PSTYM8=
  dependencies:
    esprima "~1.0.4"
    estraverse "~1.5.0"
    esutils "~1.0.0"
  optionalDependencies:
    source-map "~0.1.30"

esprima-fb@3001.1.0-dev-harmony-fb:
  version "3001.1.0-dev-harmony-fb"
  resolved "https://registry.yarnpkg.com/esprima-fb/-/esprima-fb-3001.0001.0000-dev-harmony-fb.tgz#b77d37abcd38ea0b77426bb8bc2922ce6b426411"
  integrity sha1-t303q8046gt3Qmu4vCkizmtCZBE=

esprima@~1.0.4:
  version "1.0.4"
  resolved "https://registry.yarnpkg.com/esprima/-/esprima-1.0.4.tgz#9f557e08fc3b4d26ece9dd34f8fbf476b62585ad"
  integrity sha1-n1V+CPw7TSbs6d00+Pv0drYlha0=

estraverse@~1.5.0:
  version "1.5.1"
  resolved "https://registry.yarnpkg.com/estraverse/-/estraverse-1.5.1.tgz#867a3e8e58a9f84618afb6c2ddbcd916b7cbaf71"
  integrity sha1-hno+jlip+EYYr7bC3bzZFrfLr3E=

esutils@~1.0.0:
  version "1.0.0"
  resolved "https://registry.yarnpkg.com/esutils/-/esutils-1.0.0.tgz#8151d358e20c8acc7fb745e7472c0025fe496570"
  integrity sha1-gVHTWOIMisx/t0XnRywAJf5JZXA=

required@^1.0.0:
  version "1.0.0"
  resolved "https://registry.yarnpkg.com/required/-/required-1.0.0.tgz#a43bb3ab141a04e5e544c9ee4ae8a7b78ae7d2fd"
  integrity sha1-pDuzqxQaBOXlRMnuSuint4rn0v0=
  dependencies:
    detective "3.1.0"

source-map@~0.1.30:
  version "0.1.43"
  resolved "https://registry.yarnpkg.com/source-map/-/source-map-0.1.43.tgz#c24bc146ca517c1471f5dacbe2571b2b7f9e3346"
  integrity sha1-wkvBRspRfBRx9drL4lcbK3+eM0Y=
  dependencies:
    amdefine ">=0.0.4"

typed.js@^2.0.10:
  version "2.0.10"
  resolved "https://registry.yarnpkg.com/typed.js/-/typed.js-2.0.10.tgz#70a1c1ad11965923bc9e52f851d1891b0ca1316f"
  integrity sha512-tpK+LRm5FM2GAIWWWogbOc4QRlctS425Ef1PCQKbj/G9wyig+Zt+20eLruK7CBPR+DEl/ou4uSfpwRETCSmk4A==
